
Microsoft Visual Studio Solution File, Format Version 12.00
# Visual Studio 2013
VisualStudioVersion = 12.0.30723.0
MinimumVisualStudioVersion = 10.0.40219.1
Project("{FAE04EC0-301F-11D3-BF4B-00C04F79EFBC}") = "PPA.GitBack", "PPA.GitBack\PPA.GitBack.csproj", "{3E93B276-B1C2-436D-BE61-9EAB0A5ED32D}"
EndProject
Project("{FAE04EC0-301F-11D3-BF4B-00C04F79EFBC}") = "PPA.GitBack.Tests", "PPA.GitBack.Tests\PPA.GitBack.Tests.csproj", "{BE3AF14E-2DE7-494D-8FDF-664DECFC4C0B}"
EndProject
Global
	GlobalSection(SolutionConfigurationPlatforms) = preSolution
		Debug|Any CPU = Debug|Any CPU
		Release|Any CPU = Release|Any CPU
	EndGlobalSection
	GlobalSection(ProjectConfigurationPlatforms) = postSolution
		{3E93B276-B1C2-436D-BE61-9EAB0A5ED32D}.Debug|Any CPU.ActiveCfg = Debug|Any CPU
		{3E93B276-B1C2-436D-BE61-9EAB0A5ED32D}.Debug|Any CPU.Build.0 = Debug|Any CPU
		{3E93B276-B1C2-436D-BE61-9EAB0A5ED32D}.Release|Any CPU.ActiveCfg = Release|Any CPU
		{3E93B276-B1C2-436D-BE61-9EAB0A5ED32D}.Release|Any CPU.Build.0 = Release|Any CPU
		{BE3AF14E-2DE7-494D-8FDF-664DECFC4C0B}.Debug|Any CPU.ActiveCfg = Debug|Any CPU
		{BE3AF14E-2DE7-494D-8FDF-664DECFC4C0B}.Debug|Any CPU.Build.0 = Debug|Any CPU
		{BE3AF14E-2DE7-494D-8FDF-664DECFC4C0B}.Release|Any CPU.ActiveCfg = Release|Any CPU
		{BE3AF14E-2DE7-494D-8FDF-664DECFC4C0B}.Release|Any CPU.Build.0 = Release|Any CPU
	EndGlobalSection
	GlobalSection(SolutionProperties) = preSolution
		HideSolutionNode = FALSE
	EndGlobalSection
EndGlobal
